
Microsoft Visual Studio Solution File, Format Version 12.00
# Visual Studio Version 16
VisualStudioVersion = 16.0.29920.165
MinimumVisualStudioVersion = 10.0.40219.1
Project("{9A19103F-16F7-4668-BE54-9A1E7A4F7556}") = "testhealthcheck", "testhealthcheck\testhealthcheck.csproj", "{7F5A2CA6-D2D0-44FA-9BBA-1D8951F29B31}"
EndProject
Project("{9A19103F-16F7-4668-BE54-9A1E7A4F7556}") = "testui", "testui\testui.csproj", "{9BB1CCAA-1294-418F-BDC0-7F080B7053BB}"
EndProject
Project("{FAE04EC0-301F-11D3-BF4B-00C04F79EFBC}") = "azhealthcheck", "azhealthcheck\azhealthcheck.csproj", "{C9CE52EC-C2B6-42AE-A555-42E52F7737BF}"
EndProject
Global
	GlobalSection(SolutionConfigurationPlatforms) = preSolution
		Debug|Any CPU = Debug|Any CPU
		Release|Any CPU = Release|Any CPU
	EndGlobalSection
	GlobalSection(ProjectConfigurationPlatforms) = postSolution
		{7F5A2CA6-D2D0-44FA-9BBA-1D8951F29B31}.Debug|Any CPU.ActiveCfg = Debug|Any CPU
		{7F5A2CA6-D2D0-44FA-9BBA-1D8951F29B31}.Debug|Any CPU.Build.0 = Debug|Any CPU
		{7F5A2CA6-D2D0-44FA-9BBA-1D8951F29B31}.Release|Any CPU.ActiveCfg = Release|Any CPU
		{7F5A2CA6-D2D0-44FA-9BBA-1D8951F29B31}.Release|Any CPU.Build.0 = Release|Any CPU
		{9BB1CCAA-1294-418F-BDC0-7F080B7053BB}.Debug|Any CPU.ActiveCfg = Debug|Any CPU
		{9BB1CCAA-1294-418F-BDC0-7F080B7053BB}.Debug|Any CPU.Build.0 = Debug|Any CPU
		{9BB1CCAA-1294-418F-BDC0-7F080B7053BB}.Release|Any CPU.ActiveCfg = Release|Any CPU
		{9BB1CCAA-1294-418F-BDC0-7F080B7053BB}.Release|Any CPU.Build.0 = Release|Any CPU
		{C9CE52EC-C2B6-42AE-A555-42E52F7737BF}.Debug|Any CPU.ActiveCfg = Debug|Any CPU
		{C9CE52EC-C2B6-42AE-A555-42E52F7737BF}.Debug|Any CPU.Build.0 = Debug|Any CPU
		{C9CE52EC-C2B6-42AE-A555-42E52F7737BF}.Release|Any CPU.ActiveCfg = Release|Any CPU
		{C9CE52EC-C2B6-42AE-A555-42E52F7737BF}.Release|Any CPU.Build.0 = Release|Any CPU
	EndGlobalSection
	GlobalSection(SolutionProperties) = preSolution
		HideSolutionNode = FALSE
	EndGlobalSection
	GlobalSection(ExtensibilityGlobals) = postSolution
		SolutionGuid = {DF75202B-9B64-440F-A152-EB3B6BB3D8A0}
	EndGlobalSection
EndGlobal
